
Microsoft Visual Studio Solution File, Format Version 12.00
# Visual Studio Version 17
VisualStudioVersion = 17.9.34902.65
MinimumVisualStudioVersion = 10.0.40219.1
Project("{FAE04EC0-301F-11D3-BF4B-00C04F79EFBC}") = "WinFormsApp1", "WinFormsApp1\WinFormsApp1.csproj", "{CFF50B19-200B-493B-98C1-8F4C817951DC}"
EndProject
Global
	GlobalSection(SolutionConfigurationPlatforms) = preSolution
		Debug|Any CPU = Debug|Any CPU
		Release|Any CPU = Release|Any CPU
	EndGlobalSection
	GlobalSection(ProjectConfigurationPlatforms) = postSolution
		{CFF50B19-200B-493B-98C1-8F4C817951DC}.Debug|Any CPU.ActiveCfg = Debug|Any CPU
		{CFF50B19-200B-493B-98C1-8F4C817951DC}.Debug|Any CPU.Build.0 = Debug|Any CPU
		{CFF50B19-200B-493B-98C1-8F4C817951DC}.Release|Any CPU.ActiveCfg = Release|Any CPU
		{CFF50B19-200B-493B-98C1-8F4C817951DC}.Release|Any CPU.Build.0 = Release|Any CPU
	EndGlobalSection
	GlobalSection(SolutionProperties) = preSolution
		HideSolutionNode = FALSE
	EndGlobalSection
	GlobalSection(ExtensibilityGlobals) = postSolution
		SolutionGuid = {63FC751A-C7F3-440B-9828-596FF229287D}
	EndGlobalSection
EndGlobal
