
Microsoft Visual Studio Solution File, Format Version 12.00
# Visual Studio Version 17
VisualStudioVersion = 17.9.34902.65
MinimumVisualStudioVersion = 10.0.40219.1
Project("{2150E333-8FDC-42A3-9474-1A3956D46DE8}") = "EntornoGrafico", "EntornoGrafico", "{F094DEF8-2303-4721-9013-562F50A87341}"
EndProject
Project("{FAE04EC0-301F-11D3-BF4B-00C04F79EFBC}") = "EntornoGrafico", "EntornoGrafico\EntornoGrafico.csproj", "{912AE6A6-56B5-4A65-8F8D-02524266B1EC}"
EndProject
Global
	GlobalSection(SolutionConfigurationPlatforms) = preSolution
		Debug|Any CPU = Debug|Any CPU
		Release|Any CPU = Release|Any CPU
	EndGlobalSection
	GlobalSection(ProjectConfigurationPlatforms) = postSolution
		{912AE6A6-56B5-4A65-8F8D-02524266B1EC}.Debug|Any CPU.ActiveCfg = Debug|Any CPU
		{912AE6A6-56B5-4A65-8F8D-02524266B1EC}.Debug|Any CPU.Build.0 = Debug|Any CPU
		{912AE6A6-56B5-4A65-8F8D-02524266B1EC}.Release|Any CPU.ActiveCfg = Release|Any CPU
		{912AE6A6-56B5-4A65-8F8D-02524266B1EC}.Release|Any CPU.Build.0 = Release|Any CPU
	EndGlobalSection
	GlobalSection(SolutionProperties) = preSolution
		HideSolutionNode = FALSE
	EndGlobalSection
	GlobalSection(NestedProjects) = preSolution
		{912AE6A6-56B5-4A65-8F8D-02524266B1EC} = {F094DEF8-2303-4721-9013-562F50A87341}
	EndGlobalSection
	GlobalSection(ExtensibilityGlobals) = postSolution
		SolutionGuid = {3786D4B1-CF18-4354-B916-9DC75C111F2E}
	EndGlobalSection
EndGlobal
