
Microsoft Visual Studio Solution File, Format Version 12.00
# Visual Studio Version 17
VisualStudioVersion = 17.14.36811.4 d17.14
MinimumVisualStudioVersion = 10.0.40219.1
Project("{FAE04EC0-301F-11D3-BF4B-00C04F79EFBC}") = "SearchClassLibrary", "SearchClassLibrary\SearchClassLibrary.csproj", "{B5E564BE-BE35-40BC-9BC4-206F9AAF976E}"
EndProject
Project("{FAE04EC0-301F-11D3-BF4B-00C04F79EFBC}") = "ASPNetCore_JWT.Identity", "ASPNetCore_JWT.Identity\ASPNetCore_JWT.Identity.csproj", "{A535DD7B-7E9D-4D10-8279-7E4199169375}"
EndProject
Global
	GlobalSection(SolutionConfigurationPlatforms) = preSolution
		Debug|Any CPU = Debug|Any CPU
		Release|Any CPU = Release|Any CPU
	EndGlobalSection
	GlobalSection(ProjectConfigurationPlatforms) = postSolution
		{B5E564BE-BE35-40BC-9BC4-206F9AAF976E}.Debug|Any CPU.ActiveCfg = Debug|Any CPU
		{B5E564BE-BE35-40BC-9BC4-206F9AAF976E}.Debug|Any CPU.Build.0 = Debug|Any CPU
		{B5E564BE-BE35-40BC-9BC4-206F9AAF976E}.Release|Any CPU.ActiveCfg = Release|Any CPU
		{B5E564BE-BE35-40BC-9BC4-206F9AAF976E}.Release|Any CPU.Build.0 = Release|Any CPU
		{A535DD7B-7E9D-4D10-8279-7E4199169375}.Debug|Any CPU.ActiveCfg = Debug|Any CPU
		{A535DD7B-7E9D-4D10-8279-7E4199169375}.Debug|Any CPU.Build.0 = Debug|Any CPU
		{A535DD7B-7E9D-4D10-8279-7E4199169375}.Release|Any CPU.ActiveCfg = Release|Any CPU
		{A535DD7B-7E9D-4D10-8279-7E4199169375}.Release|Any CPU.Build.0 = Release|Any CPU
	EndGlobalSection
	GlobalSection(SolutionProperties) = preSolution
		HideSolutionNode = FALSE
	EndGlobalSection
	GlobalSection(ExtensibilityGlobals) = postSolution
		SolutionGuid = {F0561BF3-7EBF-4C5E-BE9F-474EB6A42EC9}
	EndGlobalSection
EndGlobal
